
Microsoft Visual Studio Solution File, Format Version 12.00
# Visual Studio Version 16
VisualStudioVersion = 16.0.29905.134
MinimumVisualStudioVersion = 10.0.40219.1
Project("{FAE04EC0-301F-11D3-BF4B-00C04F79EFBC}") = "Ahref tool", "Ahref tool\Ahref tool.csproj", "{1943C17B-09EB-45A4-909E-06D7874A70B5}"
EndProject
Global
	GlobalSection(SolutionConfigurationPlatforms) = preSolution
		Debug|Any CPU = Debug|Any CPU
		Release|Any CPU = Release|Any CPU
	EndGlobalSection
	GlobalSection(ProjectConfigurationPlatforms) = postSolution
		{1943C17B-09EB-45A4-909E-06D7874A70B5}.Debug|Any CPU.ActiveCfg = Debug|Any CPU
		{1943C17B-09EB-45A4-909E-06D7874A70B5}.Debug|Any CPU.Build.0 = Debug|Any CPU
		{1943C17B-09EB-45A4-909E-06D7874A70B5}.Release|Any CPU.ActiveCfg = Release|Any CPU
		{1943C17B-09EB-45A4-909E-06D7874A70B5}.Release|Any CPU.Build.0 = Release|Any CPU
	EndGlobalSection
	GlobalSection(SolutionProperties) = preSolution
		HideSolutionNode = FALSE
	EndGlobalSection
	GlobalSection(ExtensibilityGlobals) = postSolution
		SolutionGuid = {306A84E9-6BCE-4F40-B2F6-2DFA143DA383}
	EndGlobalSection
EndGlobal
